PODS:
  - ffigen_app (0.0.1):
    - Flutter
  - Flutter (1.0.0)

DEPENDENCIES:
  - ffigen_app (from `.symlinks/plugins/ffigen_app/ios`)
  - Flutter (from `Flutter`)

EXTERNAL SOURCES:
  ffigen_app:
    :path: ".symlinks/plugins/ffigen_app/ios"
  Flutter:
    :path: Flutter

SPEC CHECKSUMS:
  ffigen_app: f66b95b5c64aa1a6a5925ec9e063f85f955fde5f
  Flutter: f04841e97a9d0b0a8025694d0796dd46242b2854

PODFILE CHECKSUM: 70d9d25280d0dd177a5f637cdb0f0b0b12c6a189

COCOAPODS: 1.14.3
